<?xml version="1.0" encoding="utf-8"?>
<Project ToolsVersion="17.0" xmlns="http://schemas.microsoft.com/developer/msbuild/2003">
  <ItemGroup>
    <ClCompile Include="C:\CG2024fall\CG_HW_Project\HW_P3\CheckPoint-2\WaterSurfaceTemplate\src\main.cpp">
      <Filter>Source Files</Filter>
    </ClCompile>
    <ClCompile Include="C:\CG2024fall\CG_HW_Project\HW_P3\CheckPoint-2\WaterSurfaceTemplate\src\CallBacks.cpp">
      <Filter>Source Files</Filter>
    </ClCompile>
    <ClCompile Include="C:\CG2024fall\CG_HW_Project\HW_P3\CheckPoint-2\WaterSurfaceTemplate\src\ControlPoint.cpp">
      <Filter>Source Files</Filter>
    </ClCompile>
    <ClCompile Include="C:\CG2024fall\CG_HW_Project\HW_P3\CheckPoint-2\WaterSurfaceTemplate\src\Track.cpp">
      <Filter>Source Files</Filter>
    </ClCompile>
    <ClCompile Include="C:\CG2024fall\CG_HW_Project\HW_P3\CheckPoint-2\WaterSurfaceTemplate\src\TrainView.cpp">
      <Filter>Source Files</Filter>
    </ClCompile>
    <ClCompile Include="C:\CG2024fall\CG_HW_Project\HW_P3\CheckPoint-2\WaterSurfaceTemplate\src\TrainWindow.cpp">
      <Filter>Source Files</Filter>
    </ClCompile>
    <ClCompile Include="C:\CG2024fall\CG_HW_Project\HW_P3\CheckPoint-2\WaterSurfaceTemplate\include\glad4.6\src\glad.c">
      <Filter>Source Files</Filter>
    </ClCompile>
  </ItemGroup>
  <ItemGroup>
    <ClInclude Include="C:\CG2024fall\CG_HW_Project\HW_P3\CheckPoint-2\WaterSurfaceTemplate\src\RenderUtilities\BufferObject.h">
      <Filter>RenderUtilities</Filter>
    </ClInclude>
    <ClInclude Include="C:\CG2024fall\CG_HW_Project\HW_P3\CheckPoint-2\WaterSurfaceTemplate\src\RenderUtilities\Shader.h">
      <Filter>RenderUtilities</Filter>
    </ClInclude>
    <ClInclude Include="C:\CG2024fall\CG_HW_Project\HW_P3\CheckPoint-2\WaterSurfaceTemplate\src\RenderUtilities\Texture.h">
      <Filter>RenderUtilities</Filter>
    </ClInclude>
    <ClInclude Include="C:\CG2024fall\CG_HW_Project\HW_P3\CheckPoint-2\WaterSurfaceTemplate\include\stb_image.h">
      <Filter>Header Files</Filter>
    </ClInclude>
  </ItemGroup>
  <ItemGroup>
    <CustomBuild Include="C:\CG2024fall\CG_HW_Project\HW_P3\CheckPoint-2\WaterSurfaceTemplate\CMakeLists.txt" />
  </ItemGroup>
  <ItemGroup>
    <None Include="C:\CG2024fall\CG_HW_Project\HW_P3\CheckPoint-2\WaterSurfaceTemplate\src\CallBacks.H" />
    <None Include="C:\CG2024fall\CG_HW_Project\HW_P3\CheckPoint-2\WaterSurfaceTemplate\src\ControlPoint.H" />
    <None Include="C:\CG2024fall\CG_HW_Project\HW_P3\CheckPoint-2\WaterSurfaceTemplate\src\Object.H" />
    <None Include="C:\CG2024fall\CG_HW_Project\HW_P3\CheckPoint-2\WaterSurfaceTemplate\src\Track.H" />
    <None Include="C:\CG2024fall\CG_HW_Project\HW_P3\CheckPoint-2\WaterSurfaceTemplate\src\TrainView.H" />
    <None Include="C:\CG2024fall\CG_HW_Project\HW_P3\CheckPoint-2\WaterSurfaceTemplate\src\TrainWindow.H" />
    <None Include="C:\CG2024fall\CG_HW_Project\HW_P3\CheckPoint-2\WaterSurfaceTemplate\assets\shaders\simple.vert">
      <Filter>shaders</Filter>
    </None>
    <None Include="C:\CG2024fall\CG_HW_Project\HW_P3\CheckPoint-2\WaterSurfaceTemplate\assets\shaders\simple.frag">
      <Filter>shaders</Filter>
    </None>
  </ItemGroup>
  <ItemGroup>
    <Filter Include="Header Files">
      <UniqueIdentifier>{635BE820-F139-3E8C-BC3F-0D24CF5D8698}</UniqueIdentifier>
    </Filter>
    <Filter Include="RenderUtilities">
      <UniqueIdentifier>{0F7E0CEB-7FAB-3A3F-BFFA-BFC35192FF0B}</UniqueIdentifier>
    </Filter>
    <Filter Include="Source Files">
      <UniqueIdentifier>{7D8CDAA4-CCC0-39D3-A3D0-AA245AA18608}</UniqueIdentifier>
    </Filter>
    <Filter Include="shaders">
      <UniqueIdentifier>{DB2AE813-661E-3686-B31E-3D0445072032}</UniqueIdentifier>
    </Filter>
  </ItemGroup>
</Project>
