
Microsoft Visual Studio Solution File, Format Version 12.00
# Visual Studio Version 17
Project("{8BC9CEB8-8B4A-11D0-8D11-00A0C91BC942}") = "RollerCoasters", "RollerCoasters.vcxproj", "{BD1CFBC4-6021-3A9C-B9C3-C18A7F543FF2}"
	ProjectSection(ProjectDependencies) = postProject
		{347C594F-B58E-3785-85DE-FDBAA37DCE72} = {347C594F-B58E-3785-85DE-FDBAA37DCE72}
		{8F2D9763-DE93-3596-9936-71776347C7CD} = {8F2D9763-DE93-3596-9936-71776347C7CD}
	EndProjectSection
EndProject
Project("{8BC9CEB8-8B4A-11D0-8D11-00A0C91BC942}") = "ALL_BUILD", "ALL_BUILD.vcxproj", "{6A5B5EDA-2C82-3CB9-9512-824723A69C9B}"
	ProjectSection(ProjectDependencies) = postProject
		{BD1CFBC4-6021-3A9C-B9C3-C18A7F543FF2} = {BD1CFBC4-6021-3A9C-B9C3-C18A7F543FF2}
		{347C594F-B58E-3785-85DE-FDBAA37DCE72} = {347C594F-B58E-3785-85DE-FDBAA37DCE72}
		{8F2D9763-DE93-3596-9936-71776347C7CD} = {8F2D9763-DE93-3596-9936-71776347C7CD}
	EndProjectSection
EndProject
Project("{8BC9CEB8-8B4A-11D0-8D11-00A0C91BC942}") = "Utilities", "Utilities.vcxproj", "{347C594F-B58E-3785-85DE-FDBAA37DCE72}"
	ProjectSection(ProjectDependencies) = postProject
		{8F2D9763-DE93-3596-9936-71776347C7CD} = {8F2D9763-DE93-3596-9936-71776347C7CD}
	EndProjectSection
EndProject
Project("{8BC9CEB8-8B4A-11D0-8D11-00A0C91BC942}") = "ZERO_CHECK", "ZERO_CHECK.vcxproj", "{8F2D9763-DE93-3596-9936-71776347C7CD}"
	ProjectSection(ProjectDependencies) = postProject
	EndProjectSection
EndProject
Global
	GlobalSection(SolutionConfigurationPlatforms) = preSolution
		Debug|x64 = Debug|x64
		Release|x64 = Release|x64
		MinSizeRel|x64 = MinSizeRel|x64
		RelWithDebInfo|x64 = RelWithDebInfo|x64
	EndGlobalSection
	GlobalSection(ProjectConfigurationPlatforms) = postSolution
		{BD1CFBC4-6021-3A9C-B9C3-C18A7F543FF2}.Debug|x64.ActiveCfg = Debug|x64
		{BD1CFBC4-6021-3A9C-B9C3-C18A7F543FF2}.Debug|x64.Build.0 = Debug|x64
		{BD1CFBC4-6021-3A9C-B9C3-C18A7F543FF2}.Release|x64.ActiveCfg = Release|x64
		{BD1CFBC4-6021-3A9C-B9C3-C18A7F543FF2}.Release|x64.Build.0 = Release|x64
		{BD1CFBC4-6021-3A9C-B9C3-C18A7F543FF2}.MinSizeRel|x64.ActiveCfg = MinSizeRel|x64
		{BD1CFBC4-6021-3A9C-B9C3-C18A7F543FF2}.MinSizeRel|x64.Build.0 = MinSizeRel|x64
		{BD1CFBC4-6021-3A9C-B9C3-C18A7F543FF2}.RelWithDebInfo|x64.ActiveCfg = RelWithDebInfo|x64
		{BD1CFBC4-6021-3A9C-B9C3-C18A7F543FF2}.RelWithDebInfo|x64.Build.0 = RelWithDebInfo|x64
		{6A5B5EDA-2C82-3CB9-9512-824723A69C9B}.Debug|x64.ActiveCfg = Debug|x64
		{6A5B5EDA-2C82-3CB9-9512-824723A69C9B}.Release|x64.ActiveCfg = Release|x64
		{6A5B5EDA-2C82-3CB9-9512-824723A69C9B}.MinSizeRel|x64.ActiveCfg = MinSizeRel|x64
		{6A5B5EDA-2C82-3CB9-9512-824723A69C9B}.RelWithDebInfo|x64.ActiveCfg = RelWithDebInfo|x64
		{347C594F-B58E-3785-85DE-FDBAA37DCE72}.Debug|x64.ActiveCfg = Debug|x64
		{347C594F-B58E-3785-85DE-FDBAA37DCE72}.Debug|x64.Build.0 = Debug|x64
		{347C594F-B58E-3785-85DE-FDBAA37DCE72}.Release|x64.ActiveCfg = Release|x64
		{347C594F-B58E-3785-85DE-FDBAA37DCE72}.Release|x64.Build.0 = Release|x64
		{347C594F-B58E-3785-85DE-FDBAA37DCE72}.MinSizeRel|x64.ActiveCfg = MinSizeRel|x64
		{347C594F-B58E-3785-85DE-FDBAA37DCE72}.MinSizeRel|x64.Build.0 = MinSizeRel|x64
		{347C594F-B58E-3785-85DE-FDBAA37DCE72}.RelWithDebInfo|x64.ActiveCfg = RelWithDebInfo|x64
		{347C594F-B58E-3785-85DE-FDBAA37DCE72}.RelWithDebInfo|x64.Build.0 = RelWithDebInfo|x64
		{8F2D9763-DE93-3596-9936-71776347C7CD}.Debug|x64.ActiveCfg = Debug|x64
		{8F2D9763-DE93-3596-9936-71776347C7CD}.Debug|x64.Build.0 = Debug|x64
		{8F2D9763-DE93-3596-9936-71776347C7CD}.Release|x64.ActiveCfg = Release|x64
		{8F2D9763-DE93-3596-9936-71776347C7CD}.Release|x64.Build.0 = Release|x64
		{8F2D9763-DE93-3596-9936-71776347C7CD}.MinSizeRel|x64.ActiveCfg = MinSizeRel|x64
		{8F2D9763-DE93-3596-9936-71776347C7CD}.MinSizeRel|x64.Build.0 = MinSizeRel|x64
		{8F2D9763-DE93-3596-9936-71776347C7CD}.RelWithDebInfo|x64.ActiveCfg = RelWithDebInfo|x64
		{8F2D9763-DE93-3596-9936-71776347C7CD}.RelWithDebInfo|x64.Build.0 = RelWithDebInfo|x64
	EndGlobalSection
	GlobalSection(ExtensibilityGlobals) = postSolution
		SolutionGuid = {2BD728CA-9DD1-33A3-AA64-8B8F01FE64E5}
	EndGlobalSection
	GlobalSection(ExtensibilityAddIns) = postSolution
	EndGlobalSection
EndGlobal
