<?xml version="1.0" encoding="utf-8"?>
<Project ToolsVersion="17.0" xmlns="http://schemas.microsoft.com/developer/msbuild/2003">
  <ItemGroup>
    <CustomBuild Include="C:\Computer_Graphic_Project\CG_HW_Project\HW_P3\final\RollerCoastersTemplate\RollerCoasters\CMakeFiles\a63a4ccac295a78f06f879a15f0f410c\generate.stamp.rule">
      <Filter>CMake Rules</Filter>
    </CustomBuild>
  </ItemGroup>
  <ItemGroup>
    <Filter Include="CMake Rules">
      <UniqueIdentifier>{209B4110-9EEB-3466-A619-A5FA4A2218DC}</UniqueIdentifier>
    </Filter>
  </ItemGroup>
</Project>
