<?xml version="1.0" encoding="utf-8"?>
<Project ToolsVersion="17.0" xmlns="http://schemas.microsoft.com/developer/msbuild/2003">
  <ItemGroup>
    <ClCompile Include="C:\Computer_Graphic_Project\HW_P1\P1\ImageEditing-master\src\Main.cpp">
      <Filter>Source Files</Filter>
    </ClCompile>
    <ClCompile Include="C:\Computer_Graphic_Project\HW_P1\P1\ImageEditing-master\src\ImageWidget.cpp">
      <Filter>Source Files</Filter>
    </ClCompile>
    <ClCompile Include="C:\Computer_Graphic_Project\HW_P1\P1\ImageEditing-master\src\ScriptHandler.cpp">
      <Filter>Source Files</Filter>
    </ClCompile>
    <ClCompile Include="C:\Computer_Graphic_Project\HW_P1\P1\ImageEditing-master\src\TargaImage.cpp">
      <Filter>Source Files</Filter>
    </ClCompile>
  </ItemGroup>
  <ItemGroup>
    <ClInclude Include="C:\Computer_Graphic_Project\HW_P1\P1\ImageEditing-master\src\Globals.h">
      <Filter>Header Files</Filter>
    </ClInclude>
    <ClInclude Include="C:\Computer_Graphic_Project\HW_P1\P1\ImageEditing-master\src\Globals.inl">
      <Filter>Header Files</Filter>
    </ClInclude>
    <ClInclude Include="C:\Computer_Graphic_Project\HW_P1\P1\ImageEditing-master\src\ImageWidget.h">
      <Filter>Header Files</Filter>
    </ClInclude>
    <ClInclude Include="C:\Computer_Graphic_Project\HW_P1\P1\ImageEditing-master\src\ScriptHandler.h">
      <Filter>Header Files</Filter>
    </ClInclude>
    <ClInclude Include="C:\Computer_Graphic_Project\HW_P1\P1\ImageEditing-master\src\TargaImage.h">
      <Filter>Header Files</Filter>
    </ClInclude>
  </ItemGroup>
  <ItemGroup>
    <CustomBuild Include="C:\Computer_Graphic_Project\HW_P1\P1\ImageEditing-master\CMakeLists.txt" />
  </ItemGroup>
  <ItemGroup>
    <Filter Include="Header Files">
      <UniqueIdentifier>{1BC97F60-5253-30A0-BB1E-73078F5B4D3C}</UniqueIdentifier>
    </Filter>
    <Filter Include="Source Files">
      <UniqueIdentifier>{10A6B4AD-DB48-39EF-A8F7-34EE4C187F8E}</UniqueIdentifier>
    </Filter>
  </ItemGroup>
</Project>
