
Microsoft Visual Studio Solution File, Format Version 12.00
# Visual Studio Version 17
Project("{8BC9CEB8-8B4A-11D0-8D11-00A0C91BC942}") = "ALL_BUILD", "ALL_BUILD.vcxproj", "{DBC6A71C-9629-3DA9-B4DB-32DEA28C3854}"
	ProjectSection(ProjectDependencies) = postProject
		{70E7F64B-2A95-3C27-8A96-86E55B279DD6} = {70E7F64B-2A95-3C27-8A96-86E55B279DD6}
		{B7B99B09-1CEE-312A-A59B-0DCCA0AF5CAB} = {B7B99B09-1CEE-312A-A59B-0DCCA0AF5CAB}
		{8A4EAB23-6061-3409-B5D0-8AF049027548} = {8A4EAB23-6061-3409-B5D0-8AF049027548}
	EndProjectSection
EndProject
Project("{8BC9CEB8-8B4A-11D0-8D11-00A0C91BC942}") = "ImageEditing", "ImageEditing.vcxproj", "{70E7F64B-2A95-3C27-8A96-86E55B279DD6}"
	ProjectSection(ProjectDependencies) = postProject
		{B7B99B09-1CEE-312A-A59B-0DCCA0AF5CAB} = {B7B99B09-1CEE-312A-A59B-0DCCA0AF5CAB}
		{8A4EAB23-6061-3409-B5D0-8AF049027548} = {8A4EAB23-6061-3409-B5D0-8AF049027548}
	EndProjectSection
EndProject
Project("{8BC9CEB8-8B4A-11D0-8D11-00A0C91BC942}") = "ZERO_CHECK", "ZERO_CHECK.vcxproj", "{B7B99B09-1CEE-312A-A59B-0DCCA0AF5CAB}"
	ProjectSection(ProjectDependencies) = postProject
	EndProjectSection
EndProject
Project("{8BC9CEB8-8B4A-11D0-8D11-00A0C91BC942}") = "libtarga", "libtarga.vcxproj", "{8A4EAB23-6061-3409-B5D0-8AF049027548}"
	ProjectSection(ProjectDependencies) = postProject
		{B7B99B09-1CEE-312A-A59B-0DCCA0AF5CAB} = {B7B99B09-1CEE-312A-A59B-0DCCA0AF5CAB}
	EndProjectSection
EndProject
Global
	GlobalSection(SolutionConfigurationPlatforms) = preSolution
		Debug|x64 = Debug|x64
		Release|x64 = Release|x64
		MinSizeRel|x64 = MinSizeRel|x64
		RelWithDebInfo|x64 = RelWithDebInfo|x64
	EndGlobalSection
	GlobalSection(ProjectConfigurationPlatforms) = postSolution
		{DBC6A71C-9629-3DA9-B4DB-32DEA28C3854}.Debug|x64.ActiveCfg = Debug|x64
		{DBC6A71C-9629-3DA9-B4DB-32DEA28C3854}.Release|x64.ActiveCfg = Release|x64
		{DBC6A71C-9629-3DA9-B4DB-32DEA28C3854}.MinSizeRel|x64.ActiveCfg = MinSizeRel|x64
		{DBC6A71C-9629-3DA9-B4DB-32DEA28C3854}.RelWithDebInfo|x64.ActiveCfg = RelWithDebInfo|x64
		{70E7F64B-2A95-3C27-8A96-86E55B279DD6}.Debug|x64.ActiveCfg = Debug|x64
		{70E7F64B-2A95-3C27-8A96-86E55B279DD6}.Debug|x64.Build.0 = Debug|x64
		{70E7F64B-2A95-3C27-8A96-86E55B279DD6}.Release|x64.ActiveCfg = Release|x64
		{70E7F64B-2A95-3C27-8A96-86E55B279DD6}.Release|x64.Build.0 = Release|x64
		{70E7F64B-2A95-3C27-8A96-86E55B279DD6}.MinSizeRel|x64.ActiveCfg = MinSizeRel|x64
		{70E7F64B-2A95-3C27-8A96-86E55B279DD6}.MinSizeRel|x64.Build.0 = MinSizeRel|x64
		{70E7F64B-2A95-3C27-8A96-86E55B279DD6}.RelWithDebInfo|x64.ActiveCfg = RelWithDebInfo|x64
		{70E7F64B-2A95-3C27-8A96-86E55B279DD6}.RelWithDebInfo|x64.Build.0 = RelWithDebInfo|x64
		{B7B99B09-1CEE-312A-A59B-0DCCA0AF5CAB}.Debug|x64.ActiveCfg = Debug|x64
		{B7B99B09-1CEE-312A-A59B-0DCCA0AF5CAB}.Debug|x64.Build.0 = Debug|x64
		{B7B99B09-1CEE-312A-A59B-0DCCA0AF5CAB}.Release|x64.ActiveCfg = Release|x64
		{B7B99B09-1CEE-312A-A59B-0DCCA0AF5CAB}.Release|x64.Build.0 = Release|x64
		{B7B99B09-1CEE-312A-A59B-0DCCA0AF5CAB}.MinSizeRel|x64.ActiveCfg = MinSizeRel|x64
		{B7B99B09-1CEE-312A-A59B-0DCCA0AF5CAB}.MinSizeRel|x64.Build.0 = MinSizeRel|x64
		{B7B99B09-1CEE-312A-A59B-0DCCA0AF5CAB}.RelWithDebInfo|x64.ActiveCfg = RelWithDebInfo|x64
		{B7B99B09-1CEE-312A-A59B-0DCCA0AF5CAB}.RelWithDebInfo|x64.Build.0 = RelWithDebInfo|x64
		{8A4EAB23-6061-3409-B5D0-8AF049027548}.Debug|x64.ActiveCfg = Debug|x64
		{8A4EAB23-6061-3409-B5D0-8AF049027548}.Debug|x64.Build.0 = Debug|x64
		{8A4EAB23-6061-3409-B5D0-8AF049027548}.Release|x64.ActiveCfg = Release|x64
		{8A4EAB23-6061-3409-B5D0-8AF049027548}.Release|x64.Build.0 = Release|x64
		{8A4EAB23-6061-3409-B5D0-8AF049027548}.MinSizeRel|x64.ActiveCfg = MinSizeRel|x64
		{8A4EAB23-6061-3409-B5D0-8AF049027548}.MinSizeRel|x64.Build.0 = MinSizeRel|x64
		{8A4EAB23-6061-3409-B5D0-8AF049027548}.RelWithDebInfo|x64.ActiveCfg = RelWithDebInfo|x64
		{8A4EAB23-6061-3409-B5D0-8AF049027548}.RelWithDebInfo|x64.Build.0 = RelWithDebInfo|x64
	EndGlobalSection
	GlobalSection(ExtensibilityGlobals) = postSolution
		SolutionGuid = {6F867AB1-4D6F-3E00-AB66-FA15E75D814E}
	EndGlobalSection
	GlobalSection(ExtensibilityAddIns) = postSolution
	EndGlobalSection
EndGlobal
