<?xml version="1.0" encoding="utf-8"?>
<Project ToolsVersion="17.0" xmlns="http://schemas.microsoft.com/developer/msbuild/2003">
  <ItemGroup>
    <ClCompile Include="C:\Computer_Graphic_Project\CG_HW_Project\HW_P3\CheckPoint-2\WaterSurfaceTest\src\Utilities\ArcBallCam.cpp">
      <Filter>Source Files</Filter>
    </ClCompile>
    <ClCompile Include="C:\Computer_Graphic_Project\CG_HW_Project\HW_P3\CheckPoint-2\WaterSurfaceTest\src\Utilities\3DUtils.cpp">
      <Filter>Source Files</Filter>
    </ClCompile>
    <ClCompile Include="C:\Computer_Graphic_Project\CG_HW_Project\HW_P3\CheckPoint-2\WaterSurfaceTest\src\Utilities\Pnt3f.cpp">
      <Filter>Source Files</Filter>
    </ClCompile>
  </ItemGroup>
  <ItemGroup>
    <ClInclude Include="C:\Computer_Graphic_Project\CG_HW_Project\HW_P3\CheckPoint-2\WaterSurfaceTest\src\Utilities\3DUtils.h">
      <Filter>Header Files</Filter>
    </ClInclude>
  </ItemGroup>
  <ItemGroup>
    <CustomBuild Include="C:\Computer_Graphic_Project\CG_HW_Project\HW_P3\CheckPoint-2\WaterSurfaceTest\CMakeLists.txt" />
  </ItemGroup>
  <ItemGroup>
    <None Include="C:\Computer_Graphic_Project\CG_HW_Project\HW_P3\CheckPoint-2\WaterSurfaceTest\src\Utilities\ArcBallCam.H" />
    <None Include="C:\Computer_Graphic_Project\CG_HW_Project\HW_P3\CheckPoint-2\WaterSurfaceTest\src\Utilities\Pnt3f.H" />
  </ItemGroup>
  <ItemGroup>
    <Filter Include="Header Files">
      <UniqueIdentifier>{4FAE30A0-E630-3EE4-B012-B9959CB6777B}</UniqueIdentifier>
    </Filter>
    <Filter Include="Source Files">
      <UniqueIdentifier>{78E8C174-897A-3551-9129-A40B62D27CA2}</UniqueIdentifier>
    </Filter>
  </ItemGroup>
</Project>
