<?xml version="1.0" encoding="utf-8"?>
<Project ToolsVersion="17.0" xmlns="http://schemas.microsoft.com/developer/msbuild/2003">
  <ItemGroup>
    <CustomBuild Include="C:\Computer_Graphic_Project\CG_HW_Project\HW_P3\CheckPoint-2\WaterSurfaceTest\CMakeFiles\da5c2cc59ee65402c61c0c66fb494fcc\generate.stamp.rule">
      <Filter>CMake Rules</Filter>
    </CustomBuild>
  </ItemGroup>
  <ItemGroup>
    <Filter Include="CMake Rules">
      <UniqueIdentifier>{FE3A3ADE-55BD-3E7B-BF20-4F9E284318F4}</UniqueIdentifier>
    </Filter>
  </ItemGroup>
</Project>
